
Microsoft Visual Studio Solution File, Format Version 12.00
# Visual Studio Version 16
VisualStudioVersion = 16.0.30114.105
MinimumVisualStudioVersion = 10.0.40219.1
Project("{FAE04EC0-301F-11D3-BF4B-00C04F79EFBC}") = "ValuesAndReferences", "ValuesAndReferences\ValuesAndReferences.csproj", "{20DA95BD-029D-420D-B351-C40750B4AD61}"
EndProject
Project("{FAE04EC0-301F-11D3-BF4B-00C04F79EFBC}") = "Chronos", "Chronos\Chronos.csproj", "{3D4932A1-288E-4DF4-A323-1B2E61863EFF}"
EndProject
Project("{FAE04EC0-301F-11D3-BF4B-00C04F79EFBC}") = "RandomTest", "RandomTest\RandomTest.csproj", "{163CEE5B-DC6D-4BC6-9F74-681026F8050B}"
EndProject
Global
	GlobalSection(SolutionConfigurationPlatforms) = preSolution
		Debug|Any CPU = Debug|Any CPU
		Debug|x64 = Debug|x64
		Debug|x86 = Debug|x86
		Release|Any CPU = Release|Any CPU
		Release|x64 = Release|x64
		Release|x86 = Release|x86
	EndGlobalSection
	GlobalSection(SolutionProperties) = preSolution
		HideSolutionNode = FALSE
	EndGlobalSection
	GlobalSection(ProjectConfigurationPlatforms) = postSolution
		{20DA95BD-029D-420D-B351-C40750B4AD61}.Debug|Any CPU.ActiveCfg = Debug|Any CPU
		{20DA95BD-029D-420D-B351-C40750B4AD61}.Debug|Any CPU.Build.0 = Debug|Any CPU
		{20DA95BD-029D-420D-B351-C40750B4AD61}.Debug|x64.ActiveCfg = Debug|Any CPU
		{20DA95BD-029D-420D-B351-C40750B4AD61}.Debug|x64.Build.0 = Debug|Any CPU
		{20DA95BD-029D-420D-B351-C40750B4AD61}.Debug|x86.ActiveCfg = Debug|Any CPU
		{20DA95BD-029D-420D-B351-C40750B4AD61}.Debug|x86.Build.0 = Debug|Any CPU
		{20DA95BD-029D-420D-B351-C40750B4AD61}.Release|Any CPU.ActiveCfg = Release|Any CPU
		{20DA95BD-029D-420D-B351-C40750B4AD61}.Release|Any CPU.Build.0 = Release|Any CPU
		{20DA95BD-029D-420D-B351-C40750B4AD61}.Release|x64.ActiveCfg = Release|Any CPU
		{20DA95BD-029D-420D-B351-C40750B4AD61}.Release|x64.Build.0 = Release|Any CPU
		{20DA95BD-029D-420D-B351-C40750B4AD61}.Release|x86.ActiveCfg = Release|Any CPU
		{20DA95BD-029D-420D-B351-C40750B4AD61}.Release|x86.Build.0 = Release|Any CPU
		{3D4932A1-288E-4DF4-A323-1B2E61863EFF}.Debug|Any CPU.ActiveCfg = Debug|Any CPU
		{3D4932A1-288E-4DF4-A323-1B2E61863EFF}.Debug|Any CPU.Build.0 = Debug|Any CPU
		{3D4932A1-288E-4DF4-A323-1B2E61863EFF}.Debug|x64.ActiveCfg = Debug|Any CPU
		{3D4932A1-288E-4DF4-A323-1B2E61863EFF}.Debug|x64.Build.0 = Debug|Any CPU
		{3D4932A1-288E-4DF4-A323-1B2E61863EFF}.Debug|x86.ActiveCfg = Debug|Any CPU
		{3D4932A1-288E-4DF4-A323-1B2E61863EFF}.Debug|x86.Build.0 = Debug|Any CPU
		{3D4932A1-288E-4DF4-A323-1B2E61863EFF}.Release|Any CPU.ActiveCfg = Release|Any CPU
		{3D4932A1-288E-4DF4-A323-1B2E61863EFF}.Release|Any CPU.Build.0 = Release|Any CPU
		{3D4932A1-288E-4DF4-A323-1B2E61863EFF}.Release|x64.ActiveCfg = Release|Any CPU
		{3D4932A1-288E-4DF4-A323-1B2E61863EFF}.Release|x64.Build.0 = Release|Any CPU
		{3D4932A1-288E-4DF4-A323-1B2E61863EFF}.Release|x86.ActiveCfg = Release|Any CPU
		{3D4932A1-288E-4DF4-A323-1B2E61863EFF}.Release|x86.Build.0 = Release|Any CPU
		{163CEE5B-DC6D-4BC6-9F74-681026F8050B}.Debug|Any CPU.ActiveCfg = Debug|Any CPU
		{163CEE5B-DC6D-4BC6-9F74-681026F8050B}.Debug|Any CPU.Build.0 = Debug|Any CPU
		{163CEE5B-DC6D-4BC6-9F74-681026F8050B}.Debug|x64.ActiveCfg = Debug|Any CPU
		{163CEE5B-DC6D-4BC6-9F74-681026F8050B}.Debug|x64.Build.0 = Debug|Any CPU
		{163CEE5B-DC6D-4BC6-9F74-681026F8050B}.Debug|x86.ActiveCfg = Debug|Any CPU
		{163CEE5B-DC6D-4BC6-9F74-681026F8050B}.Debug|x86.Build.0 = Debug|Any CPU
		{163CEE5B-DC6D-4BC6-9F74-681026F8050B}.Release|Any CPU.ActiveCfg = Release|Any CPU
		{163CEE5B-DC6D-4BC6-9F74-681026F8050B}.Release|Any CPU.Build.0 = Release|Any CPU
		{163CEE5B-DC6D-4BC6-9F74-681026F8050B}.Release|x64.ActiveCfg = Release|Any CPU
		{163CEE5B-DC6D-4BC6-9F74-681026F8050B}.Release|x64.Build.0 = Release|Any CPU
		{163CEE5B-DC6D-4BC6-9F74-681026F8050B}.Release|x86.ActiveCfg = Release|Any CPU
		{163CEE5B-DC6D-4BC6-9F74-681026F8050B}.Release|x86.Build.0 = Release|Any CPU
	EndGlobalSection
EndGlobal
